
Microsoft Visual Studio Solution File, Format Version 12.00
# Visual Studio Version 17
VisualStudioVersion = 17.8.34330.188
MinimumVisualStudioVersion = 10.0.40219.1
Project("{FAE04EC0-301F-11D3-BF4B-00C04F79EFBC}") = "ConvertTO", "ConvertTO\ConvertTO.csproj", "{0BACA6F4-B8E7-4E44-94BF-AA830E95F80C}"
EndProject
Global
	GlobalSection(SolutionConfigurationPlatforms) = preSolution
		Debug|Any CPU = Debug|Any CPU
		Release|Any CPU = Release|Any CPU
	EndGlobalSection
	GlobalSection(ProjectConfigurationPlatforms) = postSolution
		{0BACA6F4-B8E7-4E44-94BF-AA830E95F80C}.Debug|Any CPU.ActiveCfg = Debug|Any CPU
		{0BACA6F4-B8E7-4E44-94BF-AA830E95F80C}.Debug|Any CPU.Build.0 = Debug|Any CPU
		{0BACA6F4-B8E7-4E44-94BF-AA830E95F80C}.Release|Any CPU.ActiveCfg = Release|Any CPU
		{0BACA6F4-B8E7-4E44-94BF-AA830E95F80C}.Release|Any CPU.Build.0 = Release|Any CPU
	EndGlobalSection
	GlobalSection(SolutionProperties) = preSolution
		HideSolutionNode = FALSE
	EndGlobalSection
	GlobalSection(ExtensibilityGlobals) = postSolution
		SolutionGuid = {EECDEFBF-2B35-40CE-81BD-BD7A18686063}
	EndGlobalSection
EndGlobal
