
Microsoft Visual Studio Solution File, Format Version 12.00
# Visual Studio Version 17
VisualStudioVersion = 17.8.34330.188
MinimumVisualStudioVersion = 10.0.40219.1
Project("{FAE04EC0-301F-11D3-BF4B-00C04F79EFBC}") = "LabFour", "LabFour\LabFour.csproj", "{56212241-87FD-43F7-AB03-96D0BC670911}"
EndProject
Global
	GlobalSection(SolutionConfigurationPlatforms) = preSolution
		Debug|Any CPU = Debug|Any CPU
		Release|Any CPU = Release|Any CPU
	EndGlobalSection
	GlobalSection(ProjectConfigurationPlatforms) = postSolution
		{56212241-87FD-43F7-AB03-96D0BC670911}.Debug|Any CPU.ActiveCfg = Debug|Any CPU
		{56212241-87FD-43F7-AB03-96D0BC670911}.Debug|Any CPU.Build.0 = Debug|Any CPU
		{56212241-87FD-43F7-AB03-96D0BC670911}.Release|Any CPU.ActiveCfg = Release|Any CPU
		{56212241-87FD-43F7-AB03-96D0BC670911}.Release|Any CPU.Build.0 = Release|Any CPU
	EndGlobalSection
	GlobalSection(SolutionProperties) = preSolution
		HideSolutionNode = FALSE
	EndGlobalSection
	GlobalSection(ExtensibilityGlobals) = postSolution
		SolutionGuid = {834AF198-AAC8-44A0-A8A9-92D4AF60AD30}
	EndGlobalSection
EndGlobal
