
Microsoft Visual Studio Solution File, Format Version 12.00
# Visual Studio Version 17
VisualStudioVersion = 17.8.34330.188
MinimumVisualStudioVersion = 10.0.40219.1
Project("{FAE04EC0-301F-11D3-BF4B-00C04F79EFBC}") = "HelloWorld", "HelloWorld\HelloWorld.csproj", "{7568D3AB-9844-4083-B439-CD46129C41FC}"
EndProject
Global
	GlobalSection(SolutionConfigurationPlatforms) = preSolution
		Debug|Any CPU = Debug|Any CPU
		Release|Any CPU = Release|Any CPU
	EndGlobalSection
	GlobalSection(ProjectConfigurationPlatforms) = postSolution
		{7568D3AB-9844-4083-B439-CD46129C41FC}.Debug|Any CPU.ActiveCfg = Debug|Any CPU
		{7568D3AB-9844-4083-B439-CD46129C41FC}.Debug|Any CPU.Build.0 = Debug|Any CPU
		{7568D3AB-9844-4083-B439-CD46129C41FC}.Release|Any CPU.ActiveCfg = Release|Any CPU
		{7568D3AB-9844-4083-B439-CD46129C41FC}.Release|Any CPU.Build.0 = Release|Any CPU
	EndGlobalSection
	GlobalSection(SolutionProperties) = preSolution
		HideSolutionNode = FALSE
	EndGlobalSection
	GlobalSection(ExtensibilityGlobals) = postSolution
		SolutionGuid = {45311FBA-CE03-4D0F-8F29-10D5032A640F}
	EndGlobalSection
EndGlobal
